github.com/chai2010/winsvc v0.0.0-20230626053835-2858f12dbb33 h1:xcs7ZpTuGng3AoeBS4aoMX0Ba+btfFE+dQTcqisO1vw=
github.com/chai2010/winsvc v0.0.0-20230626053835-2858f12dbb33/go.mod h1:b9Xy0A0C/binZARjeVfHEr+gHzQUVztL71bTms7PRIM=
github.com/lxn/win v0.0.0-20210218163916-a377121e959e h1:H+t6A/QJMbhCSEH5rAuRxh+CtW96g0Or0Fxa9IKr4uc=
github.com/lxn/win v0.0.0-20210218163916-a377121e959e/go.mod h1:KxxjdtRkfNoYDCUP5ryK7XJJNTnpC8atvtmTheChOtk=
github.com/tidwall/jsonc v0.3.2 h1:ZTKrmejRlAJYdn0kcaFqRAKlxxFIC21pYq8vLa4p2Wc=
github.com/tidwall/jsonc v0.3.2/go.mod h1:dw+3CIxqHi+t8eFSpzzMlcVYxKp08UP5CD8/uSFCyJE=
golang.design/x/hotkey v0.4.1 h1:zLP/2Pztl4WjyxURdW84GoZ5LUrr6hr69CzJFJ5U1go=
golang.design/x/hotkey v0.4.1/go.mod h1:M8SGcwFYHnKRa83FpTFQoZvPO5vVT+kWPztFqTQKmXA=
golang.org/x/sys v0.16.0 h1:xWw16ngr6ZMtmxDyKyIgsE93KNKz5HKmMa3b8ALHidU=
golang.org/x/sys v0.16.0/go.mod h1:/VUhepiaJMQUp4+oa/7Zr1D23ma6VTLIYjOOTFZPUcA=
